{
  "name": "angular-animations",
  "version": "0.0.0",
  "lockfileVersion": 1,
  "requires": true,
  "dependencies": {
    "@angular/animations": {
      "version": "6.1.10",
      "resolved": "https://registry.npmjs.org/@angular/animations/-/animations-6.1.10.tgz",
      "integrity": "sha512-dd/lq7kw3uwfHPICan8psu2nthuUpp7PvMLuNIm0XxObZ4oNs0ls6uxKEDPnEkRKoGdiJpvmsyzZZN9ACMPEAA==",
      "dev": true,
      "requires": {
        "tslib": "1.9.3"
      }
    },
    "tslib": {
      "version": "1.9.3",
      "resolved": "https://registry.npmjs.org/tslib/-/tslib-1.9.3.tgz",
      "integrity": "sha512-4krF8scpejhaOgqzBEcGM7yDIEfi0/8+8zDRZhNZZ2kjmHJ4hv3zCbQWxoJGz1iw5U0Jl0nma13xzHXcncMavQ==",
      "dev": true
    }
  }
}
